
Microsoft Visual Studio Solution File, Format Version 12.00
# Visual Studio Version 17
VisualStudioVersion = 17.11.35312.102
MinimumVisualStudioVersion = 10.0.40219.1
Project("{8BC9CEB8-8B4A-11D0-8D11-00A0C91BC942}") = "HWP12", "HWP12\HWP12.vcxproj", "{3DBF6A84-1B11-4415-84BB-6719F370958D}"
EndProject
Global
	GlobalSection(SolutionConfigurationPlatforms) = preSolution
		Debug|x64 = Debug|x64
		Debug|x86 = Debug|x86
		Release|x64 = Release|x64
		Release|x86 = Release|x86
	EndGlobalSection
	GlobalSection(ProjectConfigurationPlatforms) = postSolution
		{3DBF6A84-1B11-4415-84BB-6719F370958D}.Debug|x64.ActiveCfg = Debug|x64
		{3DBF6A84-1B11-4415-84BB-6719F370958D}.Debug|x64.Build.0 = Debug|x64
		{3DBF6A84-1B11-4415-84BB-6719F370958D}.Debug|x86.ActiveCfg = Debug|Win32
		{3DBF6A84-1B11-4415-84BB-6719F370958D}.Debug|x86.Build.0 = Debug|Win32
		{3DBF6A84-1B11-4415-84BB-6719F370958D}.Release|x64.ActiveCfg = Release|x64
		{3DBF6A84-1B11-4415-84BB-6719F370958D}.Release|x64.Build.0 = Release|x64
		{3DBF6A84-1B11-4415-84BB-6719F370958D}.Release|x86.ActiveCfg = Release|Win32
		{3DBF6A84-1B11-4415-84BB-6719F370958D}.Release|x86.Build.0 = Release|Win32
	EndGlobalSection
	GlobalSection(SolutionProperties) = preSolution
		HideSolutionNode = FALSE
	EndGlobalSection
	GlobalSection(ExtensibilityGlobals) = postSolution
		SolutionGuid = {1AF0C1A2-FCC0-45CB-96F9-A14D424886B4}
	EndGlobalSection
EndGlobal
